
Microsoft Visual Studio Solution File, Format Version 12.00
# Visual Studio Version 17
VisualStudioVersion = 17.10.35013.160
MinimumVisualStudioVersion = 10.0.40219.1
Project("{FAE04EC0-301F-11D3-BF4B-00C04F79EFBC}") = "RuneQuestLib", "RuneQuestLib.csproj", "{8B98591F-0B82-4421-9017-71AACFE4D295}"
EndProject
Global
	GlobalSection(SolutionConfigurationPlatforms) = preSolution
		Debug|Any CPU = Debug|Any CPU
		Release|Any CPU = Release|Any CPU
	EndGlobalSection
	GlobalSection(ProjectConfigurationPlatforms) = postSolution
		{8B98591F-0B82-4421-9017-71AACFE4D295}.Debug|Any CPU.ActiveCfg = Debug|Any CPU
		{8B98591F-0B82-4421-9017-71AACFE4D295}.Debug|Any CPU.Build.0 = Debug|Any CPU
		{8B98591F-0B82-4421-9017-71AACFE4D295}.Release|Any CPU.ActiveCfg = Release|Any CPU
		{8B98591F-0B82-4421-9017-71AACFE4D295}.Release|Any CPU.Build.0 = Release|Any CPU
	EndGlobalSection
	GlobalSection(SolutionProperties) = preSolution
		HideSolutionNode = FALSE
	EndGlobalSection
	GlobalSection(ExtensibilityGlobals) = postSolution
		SolutionGuid = {68C96C5B-1F52-4EE9-A162-BFC85FBDC19D}
	EndGlobalSection
EndGlobal
